# This file is autogenerated, do not edit; changes may be undone by the next 'dep ensure'.


[[projects]]
  branch = "master"
  digest = "1:5683a07e7a42c7c7d7e2dc5cf41fa3a8e788ee87a22048f87779b2c590f1ca17"
  name = "github.com/hbakhtiyor/strsim"
  packages = ["."]
  pruneopts = "UT"
  revision = "4d2bbb273edfb74e5fba86503a50daa50a9d758e"

[[projects]]
  branch = "master"
  digest = "1:2a9f7ca80c3035b7e68a927db100922d4a266a31cea2568d9a5185a90b469279"
  name = "github.com/umahmood/haversine"
  packages = ["."]
  pruneopts = "UT"
  revision = "808ab04add26660fd241ddb7973886c6dd6669e8"

[solve-meta]
  analyzer-name = "dep"
  analyzer-version = 1
  input-imports = [
    "github.com/hbakhtiyor/strsim",
    "github.com/umahmood/haversine",
  ]
  solver-name = "gps-cdcl"
  solver-version = 1
